
Microsoft Visual Studio Solution File, Format Version 12.00
# Visual Studio Version 17
VisualStudioVersion = 17.8.34330.188
MinimumVisualStudioVersion = 10.0.40219.1
Project("{FAE04EC0-301F-11D3-BF4B-00C04F79EFBC}") = "ConsoleApp6", "ConsoleApp6.csproj", "{057CA08F-BE67-421B-8298-C36FC84EFB0E}"
EndProject
Global
	GlobalSection(SolutionConfigurationPlatforms) = preSolution
		Debug|Any CPU = Debug|Any CPU
		Release|Any CPU = Release|Any CPU
	EndGlobalSection
	GlobalSection(ProjectConfigurationPlatforms) = postSolution
		{057CA08F-BE67-421B-8298-C36FC84EFB0E}.Debug|Any CPU.ActiveCfg = Debug|Any CPU
		{057CA08F-BE67-421B-8298-C36FC84EFB0E}.Debug|Any CPU.Build.0 = Debug|Any CPU
		{057CA08F-BE67-421B-8298-C36FC84EFB0E}.Release|Any CPU.ActiveCfg = Release|Any CPU
		{057CA08F-BE67-421B-8298-C36FC84EFB0E}.Release|Any CPU.Build.0 = Release|Any CPU
	EndGlobalSection
	GlobalSection(SolutionProperties) = preSolution
		HideSolutionNode = FALSE
	EndGlobalSection
	GlobalSection(ExtensibilityGlobals) = postSolution
		SolutionGuid = {AF53FEA4-A4F4-4D12-BD29-C77102D66427}
	EndGlobalSection
EndGlobal
