
Microsoft Visual Studio Solution File, Format Version 12.00
# Visual Studio Version 17
VisualStudioVersion = 17.8.34330.188
MinimumVisualStudioVersion = 10.0.40219.1
Project("{FAE04EC0-301F-11D3-BF4B-00C04F79EFBC}") = "ConsoleApp10", "ConsoleApp10.csproj", "{350B76EF-F127-4959-8037-B7BE33F9D498}"
EndProject
Global
	GlobalSection(SolutionConfigurationPlatforms) = preSolution
		Debug|Any CPU = Debug|Any CPU
		Release|Any CPU = Release|Any CPU
	EndGlobalSection
	GlobalSection(ProjectConfigurationPlatforms) = postSolution
		{350B76EF-F127-4959-8037-B7BE33F9D498}.Debug|Any CPU.ActiveCfg = Debug|Any CPU
		{350B76EF-F127-4959-8037-B7BE33F9D498}.Debug|Any CPU.Build.0 = Debug|Any CPU
		{350B76EF-F127-4959-8037-B7BE33F9D498}.Release|Any CPU.ActiveCfg = Release|Any CPU
		{350B76EF-F127-4959-8037-B7BE33F9D498}.Release|Any CPU.Build.0 = Release|Any CPU
	EndGlobalSection
	GlobalSection(SolutionProperties) = preSolution
		HideSolutionNode = FALSE
	EndGlobalSection
	GlobalSection(ExtensibilityGlobals) = postSolution
		SolutionGuid = {E5C5EA39-4C93-4044-A2E7-BB66A0E9EAE3}
	EndGlobalSection
EndGlobal
